Microsoft Visual Studio Solution File, Format Version 12.00
# Visual Studio Version 17
VisualStudioVersion = 17.5.2.0
MinimumVisualStudioVersion = 10.0.40219.1
Project("{2150E333-8FDC-42A3-9474-1A3956D46DE8}") = "backend", "backend", "{1AE8ACA6-933B-BF2A-3671-3E2EAC007D16}"
EndProject
Project("{FAE04EC0-301F-11D3-BF4B-00C04F79EFBC}") = "TrackerBackend", "backend\TrackerBackend\TrackerBackend.csproj", "{1D857579-E929-DBEE-E239-F8F150914265}"
EndProject
Global
	GlobalSection(SolutionConfigurationPlatforms) = preSolution
		Debug|Any CPU = Debug|Any CPU
		Release|Any CPU = Release|Any CPU
	EndGlobalSection
	GlobalSection(ProjectConfigurationPlatforms) = postSolution
		{1D857579-E929-DBEE-E239-F8F150914265}.Debug|Any CPU.ActiveCfg = Debug|Any CPU
		{1D857579-E929-DBEE-E239-F8F150914265}.Debug|Any CPU.Build.0 = Debug|Any CPU
		{1D857579-E929-DBEE-E239-F8F150914265}.Release|Any CPU.ActiveCfg = Release|Any CPU
		{1D857579-E929-DBEE-E239-F8F150914265}.Release|Any CPU.Build.0 = Release|Any CPU
	EndGlobalSection
	GlobalSection(SolutionProperties) = preSolution
		HideSolutionNode = FALSE
	EndGlobalSection
	GlobalSection(NestedProjects) = preSolution
		{1D857579-E929-DBEE-E239-F8F150914265} = {1AE8ACA6-933B-BF2A-3671-3E2EAC007D16}
	EndGlobalSection
	GlobalSection(ExtensibilityGlobals) = postSolution
		SolutionGuid = {A2209254-F9BC-4CC1-80B1-2589A0B79217}
	EndGlobalSection
EndGlobal
